
Microsoft Visual Studio Solution File, Format Version 12.00
# Visual Studio 15
VisualStudioVersion = 15.0.28307.438
MinimumVisualStudioVersion = 10.0.40219.1
Project("{9A19103F-16F7-4668-BE54-9A1E7A4F7556}") = "TimeFlyApi", "TimeFlyApi\TimeFlyApi.csproj", "{C623E83C-866E-430D-8AC1-853946F16FFE}"
EndProject
Project("{FAE04EC0-301F-11D3-BF4B-00C04F79EFBC}") = "TimeFlyApiTest", "TimeFlyApiTest\TimeFlyApiTest.csproj", "{CE0EE3D7-C173-48B3-BCEE-93C86F433002}"
EndProject
Global
	GlobalSection(SolutionConfigurationPlatforms) = preSolution
		Debug|Any CPU = Debug|Any CPU
		Release|Any CPU = Release|Any CPU
	EndGlobalSection
	GlobalSection(ProjectConfigurationPlatforms) = postSolution
		{C623E83C-866E-430D-8AC1-853946F16FFE}.Debug|Any CPU.ActiveCfg = Debug|Any CPU
		{C623E83C-866E-430D-8AC1-853946F16FFE}.Debug|Any CPU.Build.0 = Debug|Any CPU
		{C623E83C-866E-430D-8AC1-853946F16FFE}.Release|Any CPU.ActiveCfg = Release|Any CPU
		{C623E83C-866E-430D-8AC1-853946F16FFE}.Release|Any CPU.Build.0 = Release|Any CPU
		{CE0EE3D7-C173-48B3-BCEE-93C86F433002}.Debug|Any CPU.ActiveCfg = Debug|Any CPU
		{CE0EE3D7-C173-48B3-BCEE-93C86F433002}.Debug|Any CPU.Build.0 = Debug|Any CPU
		{CE0EE3D7-C173-48B3-BCEE-93C86F433002}.Release|Any CPU.ActiveCfg = Release|Any CPU
		{CE0EE3D7-C173-48B3-BCEE-93C86F433002}.Release|Any CPU.Build.0 = Release|Any CPU
	EndGlobalSection
	GlobalSection(SolutionProperties) = preSolution
		HideSolutionNode = FALSE
	EndGlobalSection
	GlobalSection(ExtensibilityGlobals) = postSolution
		SolutionGuid = {4135DC2E-5359-4FEA-ABB0-639F97B7E311}
	EndGlobalSection
EndGlobal
